// !$*UTF8*$!
{
	archiveVersion = 1;
	classes = {
	};
	objectVersion = 46;
	objects = {

/* Begin PBXBuildFile section */
		6EFCEBA31AFB0186005CED85 /* AppDelegate.swift in Sources */ = {isa = PBXBuildFile; fileRef = 6EFCEBA21AFB0186005CED85 /* AppDelegate.swift */; };
		6EFCEBA51AFB0186005CED85 /* ViewController.swift in Sources */ = {isa = PBXBuildFile; fileRef = 6EFCEBA41AFB0186005CED85 /* ViewController.swift */; };
		6EFCEBA81AFB0186005CED85 /* Main.storyboard in Resources */ = {isa = PBXBuildFile; fileRef = 6EFCEBA61AFB0186005CED85 /* Main.storyboard */; };
		6EFCEBAA1AFB0186005CED85 /* Images.xcassets in Resources */ = {isa = PBXBuildFile; fileRef = 6EFCEBA91AFB0186005CED85 /* Images.xcassets */; };
		6EFCEBAD1AFB0186005CED85 /* LaunchScreen.xib in Resources */ = {isa = PBXBuildFile; fileRef = 6EFCEBAB1AFB0186005CED85 /* LaunchScreen.xib */; };
		6EFCEBB91AFB0186005CED85 /* MapDemoTests.swift in Sources */ = {isa = PBXBuildFile; fileRef = 6EFCEBB81AFB0186005CED85 /* MapDemoTests.swift */; };
		6EFCEBC31AFB034C005CED85 /* MapKit.framework in Frameworks */ = {isa = PBXBuildFile; fileRef = 6EFCEBC21AFB034C005CED85 /* MapKit.framework */; };
		6EFCEBC51AFB05E1005CED85 /* CoreLocation.framework in Frameworks */ = {isa = PBXBuildFile; fileRef = 6EFCEBC41AFB05E1005CED85 /* CoreLocation.framework */; };
/* End PBXBuildFile section */

/* Begin PBXContainerItemProxy section */
		6EFCEBB31AFB0186005CED85 /* PBXContainerItemProxy */ = {
			isa = PBXContainerItemProxy;
			containerPortal = 6EFCEB951AFB0186005CED85 /* Project object */;
			proxyType = 1;
			remoteGlobalIDString = 6EFCEB9C1AFB0186005CED85;
			remoteInfo = MapDemo;
		};
/* End PBXContainerItemProxy section */

/* Begin PBXFileReference section */
		6EFCEB9D1AFB0186005CED85 /* MapDemo.app */ = {isa = PBXFileReference; explicitFileType = wrapper.application; includeInIndex = 0; path = MapDemo.app; sourceTree = BUILT_PRODUCTS_DIR; };
		6EFCEBA11AFB0186005CED85 /* Info.plist */ = {isa = PBXFileReference; lastKnownFileType = text.plist.xml; path = Info.plist; sourceTree = "<group>"; };
		6EFCEBA21AFB0186005CED85 /* AppDelegate.swift */ = {isa = PBXFileReference; lastKnownFileType = sourcecode.swift; path = AppDelegate.swift; sourceTree = "<group>"; };
		6EFCEBA41AFB0186005CED85 /* ViewController.swift */ = {isa = PBXFileReference; lastKnownFileType = sourcecode.swift; path = ViewController.swift; sourceTree = "<group>"; };
		6EFCEBA71AFB0186005CED85 /* Base */ = {isa = PBXFileReference; lastKnownFileType = file.storyboard; name = Base; path = Base.lproj/Main.storyboard; sourceTree = "<group>"; };
		6EFCEBA91AFB0186005CED85 /* Images.xcassets */ = {isa = PBXFileReference; lastKnownFileType = folder.assetcatalog; path = Images.xcassets; sourceTree = "<group>"; };
		6EFCEBAC1AFB0186005CED85 /* Base */ = {isa = PBXFileReference; lastKnownFileType = file.xib; name = Base; path = Base.lproj/LaunchScreen.xib; sourceTree = "<group>"; };
		6EFCEBB21AFB0186005CED85 /* MapDemoTests.xctest */ = {isa = PBXFileReference; explicitFileType = wrapper.cfbundle; includeInIndex = 0; path = MapDemoTests.xctest; sourceTree = BUILT_PRODUCTS_DIR; };
		6EFCEBB71AFB0186005CED85 /* Info.plist */ = {isa = PBXFileReference; lastKnownFileType = text.plist.xml; path = Info.plist; sourceTree = "<group>"; };
		6EFCEBB81AFB0186005CED85 /* MapDemoTests.swift */ = {isa = PBXFileReference; lastKnownFileType = sourcecode.swift; path = MapDemoTests.swift; sourceTree = "<group>"; };
		6EFCEBC21AFB034C005CED85 /* MapKit.framework */ = {isa = PBXFileReference; lastKnownFileType = wrapper.framework; name = MapKit.framework; path = System/Library/Frameworks/MapKit.framework; sourceTree = SDKROOT; };
		6EFCEBC41AFB05E1005CED85 /* CoreLocation.framework */ = {isa = PBXFileReference; lastKnownFileType = wrapper.framework; name = CoreLocation.framework; path = System/Library/Frameworks/CoreLocation.framework; sourceTree = SDKROOT; };
/* End PBXFileReference section */

/* Begin PBXFrameworksBuildPhase section */
		6EFCEB9A1AFB0186005CED85 /* Frameworks */ = {
			isa = PBXFrameworksBuildPhase;
			buildActionMask = 2147483647;
			files = (
				6EFCEBC51AFB05E1005CED85 /* CoreLocation.framework in Frameworks */,
				6EFCEBC31AFB034C005CED85 /* MapKit.framework in Frameworks */,
			);
			runOnlyForDeploymentPostprocessing = 0;
		};
		6EFCEBAF1AFB0186005CED85 /* Frameworks */ = {
			isa = PBXFrameworksBuildPhase;
			buildActionMask = 2147483647;
			files = (
			);
			runOnlyForDeploymentPostprocessing = 0;
		};
/* End PBXFrameworksBuildPhase section */

/* Begin PBXGroup section */
		6EFCEB941AFB0186005CED85 = {
			isa = PBXGroup;
			children = (
				6EFCEBC41AFB05E1005CED85 /* CoreLocation.framework */,
				6EFCEBC21AFB034C005CED85 /* MapKit.framework */,
				6EFCEB9F1AFB0186005CED85 /* MapDemo */,
				6EFCEBB51AFB0186005CED85 /* MapDemoTests */,
				6EFCEB9E1AFB0186005CED85 /* Products */,
			);
			sourceTree = "<group>";
		};
		6EFCEB9E1AFB0186005CED85 /* Products */ = {
			isa = PBXGroup;
			children = (
				6EFCEB9D1AFB0186005CED85 /* MapDemo.app */,
				6EFCEBB21AFB0186005CED85 /* MapDemoTests.xctest */,
			);
			name = Products;
			sourceTree = "<group>";
		};
		6EFCEB9F1AFB0186005CED85 /* MapDemo */ = {
			isa = PBXGroup;
			children = (
				6EFCEBA21AFB0186005CED85 /* AppDelegate.swift */,
				6EFCEBA41AFB0186005CED85 /* ViewController.swift */,
				6EFCEBA61AFB0186005CED85 /* Main.storyboard */,
				6EFCEBA91AFB0186005CED85 /* Images.xcassets */,
				6EFCEBAB1AFB0186005CED85 /* LaunchScreen.xib */,
				6EFCEBA01AFB0186005CED85 /* Supporting Files */,
			);
			path = MapDemo;
			sourceTree = "<group>";
		};
		6EFCEBA01AFB0186005CED85 /* Supporting Files */ = {
			isa = PBXGroup;
			children = (
				6EFCEBA11AFB0186005CED85 /* Info.plist */,
			);
			name = "Supporting Files";
			sourceTree = "<group>";
		};
		6EFCEBB51AFB0186005CED85 /* MapDemoTests */ = {
			isa = PBXGroup;
			children = (
				6EFCEBB81AFB0186005CED85 /* MapDemoTests.swift */,
				6EFCEBB61AFB0186005CED85 /* Supporting Files */,
			);
			path = MapDemoTests;
			sourceTree = "<group>";
		};
		6EFCEBB61AFB0186005CED85 /* Supporting Files */ = {
			isa = PBXGroup;
			children = (
				6EFCEBB71AFB0186005CED85 /* Info.plist */,
			);
			name = "Supporting Files";
			sourceTree = "<group>";
		};
/* End PBXGroup section */

/* Begin PBXNativeTarget section */
		6EFCEB9C1AFB0186005CED85 /* MapDemo */ = {
			isa = PBXNativeTarget;
			buildConfigurationList = 6EFCEBBC1AFB0186005CED85 /* Build configuration list for PBXNativeTarget "MapDemo" */;
			buildPhases = (
				6EFCEB991AFB0186005CED85 /* Sources */,
				6EFCEB9A1AFB0186005CED85 /* Frameworks */,
				6EFCEB9B1AFB0186005CED85 /* Resources */,
			);
			buildRules = (
			);
			dependencies = (
			);
			name = MapDemo;
			productName = MapDemo;
			productReference = 6EFCEB9D1AFB0186005CED85 /* MapDemo.app */;
			productType = "com.apple.product-type.application";
		};
		6EFCEBB11AFB0186005CED85 /* MapDemoTests */ = {
			isa = PBXNativeTarget;
			buildConfigurationList = 6EFCEBBF1AFB0186005CED85 /* Build configuration list for PBXNativeTarget "MapDemoTests" */;
			buildPhases = (
				6EFCEBAE1AFB0186005CED85 /* Sources */,
				6EFCEBAF1AFB0186005CED85 /* Frameworks */,
				6EFCEBB01AFB0186005CED85 /* Resources */,
			);
			buildRules = (
			);
			dependencies = (
				6EFCEBB41AFB0186005CED85 /* PBXTargetDependency */,
			);
			name = MapDemoTests;
			productName = MapDemoTests;
			productReference = 6EFCEBB21AFB0186005CED85 /* MapDemoTests.xctest */;
			productType = "com.apple.product-type.bundle.unit-test";
		};
/* End PBXNativeTarget section */

/* Begin PBXProject section */
		6EFCEB951AFB0186005CED85 /* Project object */ = {
			isa = PBXProject;
			attributes = {
				LastUpgradeCheck = 0630;
				ORGANIZATIONNAME = jiajingjing;
				TargetAttributes = {
					6EFCEB9C1AFB0186005CED85 = {
						CreatedOnToolsVersion = 6.3.1;
					};
					6EFCEBB11AFB0186005CED85 = {
						CreatedOnToolsVersion = 6.3.1;
						TestTargetID = 6EFCEB9C1AFB0186005CED85;
					};
				};
			};
			buildConfigurationList = 6EFCEB981AFB0186005CED85 /* Build configuration list for PBXProject "MapDemo" */;
			compatibilityVersion = "Xcode 3.2";
			developmentRegion = English;
			hasScannedForEncodings = 0;
			knownRegions = (
				en,
				Base,
			);
			mainGroup = 6EFCEB941AFB0186005CED85;
			productRefGroup = 6EFCEB9E1AFB0186005CED85 /* Products */;
			projectDirPath = "";
			projectRoot = "";
			targets = (
				6EFCEB9C1AFB0186005CED85 /* MapDemo */,
				6EFCEBB11AFB0186005CED85 /* MapDemoTests */,
			);
		};
/* End PBXProject section */

/* Begin PBXResourcesBuildPhase section */
		6EFCEB9B1AFB0186005CED85 /* Resources */ = {
			isa = PBXResourcesBuildPhase;
			buildActionMask = 2147483647;
			files = (
				6EFCEBA81AFB0186005CED85 /* Main.storyboard in Resources */,
				6EFCEBAD1AFB0186005CED85 /* LaunchScreen.xib in Resources */,
				6EFCEBAA1AFB0186005CED85 /* Images.xcassets in Resources */,
			);
			runOnlyForDeploymentPostprocessing = 0;
		};
		6EFCEBB01AFB0186005CED85 /* Resources */ = {
			isa = PBXResourcesBuildPhase;
			buildActionMask = 2147483647;
			files = (
			);
			runOnlyForDeploymentPostprocessing = 0;
		};
/* End PBXResourcesBuildPhase section */

/* Begin PBXSourcesBuildPhase section */
		6EFCEB991AFB0186005CED85 /* Sources */ = {
			isa = PBXSourcesBuildPhase;
			buildActionMask = 2147483647;
			files = (
				6EFCEBA51AFB0186005CED85 /* ViewController.swift in Sources */,
				6EFCEBA31AFB0186005CED85 /* AppDelegate.swift in Sources */,
			);
			runOnlyForDeploymentPostprocessing = 0;
		};
		6EFCEBAE1AFB0186005CED85 /* Sources */ = {
			isa = PBXSourcesBuildPhase;
			buildActionMask = 2147483647;
			files = (
				6EFCEBB91AFB0186005CED85 /* MapDemoTests.swift in Sources */,
			);
			runOnlyForDeploymentPostprocessing = 0;
		};
/* End PBXSourcesBuildPhase section */

/* Begin PBXTargetDependency section */
		6EFCEBB41AFB0186005CED85 /* PBXTargetDependency */ = {
			isa = PBXTargetDependency;
			target = 6EFCEB9C1AFB0186005CED85 /* MapDemo */;
			targetProxy = 6EFCEBB31AFB0186005CED85 /* PBXContainerItemProxy */;
		};
/* End PBXTargetDependency section */

/* Begin PBXVariantGroup section */
		6EFCEBA61AFB0186005CED85 /* Main.storyboard */ = {
			isa = PBXVariantGroup;
			children = (
				6EFCEBA71AFB0186005CED85 /* Base */,
			);
			name = Main.storyboard;
			sourceTree = "<group>";
		};
		6EFCEBAB1AFB0186005CED85 /* LaunchScreen.xib */ = {
			isa = PBXVariantGroup;
			children = (
				6EFCEBAC1AFB0186005CED85 /* Base */,
			);
			name = LaunchScreen.xib;
			sourceTree = "<group>";
		};
/* End PBXVariantGroup section */

/* Begin XCBuildConfiguration section */
		6EFCEBBA1AFB0186005CED85 /* Debug */ = {
			isa = XCBuildConfiguration;
			buildSettings = {
				ALWAYS_SEARCH_USER_PATHS = NO;
				CLANG_CXX_LANGUAGE_STANDARD = "gnu++0x";
				CLANG_CXX_LIBRARY = "libc++";
				CLANG_ENABLE_MODULES = YES;
				CLANG_ENABLE_OBJC_ARC = YES;
				CLANG_WARN_BOOL_CONVERSION = YES;
				CLANG_WARN_CONSTANT_CONVERSION = YES;
				CLANG_WARN_DIRECT_OBJC_ISA_USAGE = YES_ERROR;
				CLANG_WARN_EMPTY_BODY = YES;
				CLANG_WARN_ENUM_CONVERSION = YES;
				CLANG_WARN_INT_CONVERSION = YES;
				CLANG_WARN_OBJC_ROOT_CLASS = YES_ERROR;
				CLANG_WARN_UNREACHABLE_CODE = YES;
				CLANG_WARN__DUPLICATE_METHOD_MATCH = YES;
				"CODE_SIGN_IDENTITY[sdk=iphoneos*]" = "iPhone Developer";
				COPY_PHASE_STRIP = NO;
				DEBUG_INFORMATION_FORMAT = "dwarf-with-dsym";
				ENABLE_STRICT_OBJC_MSGSEND = YES;
				GCC_C_LANGUAGE_STANDARD = gnu99;
				GCC_DYNAMIC_NO_PIC = NO;
				GCC_NO_COMMON_BLOCKS = YES;
				GCC_OPTIMIZATION_LEVEL = 0;
				GCC_PREPROCESSOR_DEFINITIONS = (
					"DEBUG=1",
					"$(inherited)",
				);
				GCC_SYMBOLS_PRIVATE_EXTERN = NO;
				GCC_WARN_64_TO_32_BIT_CONVERSION = YES;
				GCC_WARN_ABOUT_RETURN_TYPE = YES_ERROR;
				GCC_WARN_UNDECLARED_SELECTOR = YES;
				GCC_WARN_UNINITIALIZED_AUTOS = YES_AGGRESSIVE;
				GCC_WARN_UNUSED_FUNCTION = YES;
				GCC_WARN_UNUSED_VARIABLE = YES;
				IPHONEOS_DEPLOYMENT_TARGET = 8.3;
				MTL_ENABLE_DEBUG_INFO = YES;
				ONLY_ACTIVE_ARCH = YES;
				SDKROOT = iphoneos;
				SWIFT_OPTIMIZATION_LEVEL = "-Onone";
			};
			name = Debug;
		};
		6EFCEBBB1AFB0186005CED85 /* Release */ = {
			isa = XCBuildConfiguration;
			buildSettings = {
				ALWAYS_SEARCH_USER_PATHS = NO;
				CLANG_CXX_LANGUAGE_STANDARD = "gnu++0x";
				CLANG_CXX_LIBRARY = "libc++";
				CLANG_ENABLE_MODULES = YES;
				CLANG_ENABLE_OBJC_ARC = YES;
				CLANG_WARN_BOOL_CONVERSION = YES;
				CLANG_WARN_CONSTANT_CONVERSION = YES;
				CLANG_WARN_DIRECT_OBJC_ISA_USAGE = YES_ERROR;
				CLANG_WARN_EMPTY_BODY = YES;
				CLANG_WARN_ENUM_CONVERSION = YES;
				CLANG_WARN_INT_CONVERSION = YES;
				CLANG_WARN_OBJC_ROOT_CLASS = YES_ERROR;
				CLANG_WARN_UNREACHABLE_CODE = YES;
				CLANG_WARN__DUPLICATE_METHOD_MATCH = YES;
				"CODE_SIGN_IDENTITY[sdk=iphoneos*]" = "iPhone Developer";
				COPY_PHASE_STRIP = NO;
				DEBUG_INFORMATION_FORMAT = "dwarf-with-dsym";
				ENABLE_NS_ASSERTIONS = NO;
				ENABLE_STRICT_OBJC_MSGSEND = YES;
				GCC_C_LANGUAGE_STANDARD = gnu99;
				GCC_NO_COMMON_BLOCKS = YES;
				GCC_WARN_64_TO_32_BIT_CONVERSION = YES;
				GCC_WARN_ABOUT_RETURN_TYPE = YES_ERROR;
				GCC_WARN_UNDECLARED_SELECTOR = YES;
				GCC_WARN_UNINITIALIZED_AUTOS = YES_AGGRESSIVE;
				GCC_WARN_UNUSED_FUNCTION = YES;
				GCC_WARN_UNUSED_VARIABLE = YES;
				IPHONEOS_DEPLOYMENT_TARGET = 8.3;
				MTL_ENABLE_DEBUG_INFO = NO;
				SDKROOT = iphoneos;
				VALIDATE_PRODUCT = YES;
			};
			name = Release;
		};
		6EFCEBBD1AFB0186005CED85 /* Debug */ = {
			isa = XCBuildConfiguration;
			buildSettings = {
				ASSETCATALOG_COMPILER_APPICON_NAME = AppIcon;
				INFOPLIST_FILE = MapDemo/Info.plist;
				LD_RUNPATH_SEARCH_PATHS = "$(inherited) @executable_path/Frameworks";
				PRODUCT_NAME = "$(TARGET_NAME)";
			};
			name = Debug;
		};
		6EFCEBBE1AFB0186005CED85 /* Release */ = {
			isa = XCBuildConfiguration;
			buildSettings = {
				ASSETCATALOG_COMPILER_APPICON_NAME = AppIcon;
				INFOPLIST_FILE = MapDemo/Info.plist;
				LD_RUNPATH_SEARCH_PATHS = "$(inherited) @executable_path/Frameworks";
				PRODUCT_NAME = "$(TARGET_NAME)";
			};
			name = Release;
		};
		6EFCEBC01AFB0186005CED85 /* Debug */ = {
			isa = XCBuildConfiguration;
			buildSettings = {
				BUNDLE_LOADER = "$(TEST_HOST)";
				FRAMEWORK_SEARCH_PATHS = (
					"$(SDKROOT)/Developer/Library/Frameworks",
					"$(inherited)",
				);
				GCC_PREPROCESSOR_DEFINITIONS = (
					"DEBUG=1",
					"$(inherited)",
				);
				INFOPLIST_FILE = MapDemoTests/Info.plist;
				LD_RUNPATH_SEARCH_PATHS = "$(inherited) @executable_path/Frameworks @loader_path/Frameworks";
				PRODUCT_NAME = "$(TARGET_NAME)";
				TEST_HOST = "$(BUILT_PRODUCTS_DIR)/MapDemo.app/MapDemo";
			};
			name = Debug;
		};
		6EFCEBC11AFB0186005CED85 /* Release */ = {
			isa = XCBuildConfiguration;
			buildSettings = {
				BUNDLE_LOADER = "$(TEST_HOST)";
				FRAMEWORK_SEARCH_PATHS = (
					"$(SDKROOT)/Developer/Library/Frameworks",
					"$(inherited)",
				);
				INFOPLIST_FILE = MapDemoTests/Info.plist;
				LD_RUNPATH_SEARCH_PATHS = "$(inherited) @executable_path/Frameworks @loader_path/Frameworks";
				PRODUCT_NAME = "$(TARGET_NAME)";
				TEST_HOST = "$(BUILT_PRODUCTS_DIR)/MapDemo.app/MapDemo";
			};
			name = Release;
		};
/* End XCBuildConfiguration section */

/* Begin XCConfigurationList section */
		6EFCEB981AFB0186005CED85 /* Build configuration list for PBXProject "MapDemo" */ = {
			isa = XCConfigurationList;
			buildConfigurations = (
				6EFCEBBA1AFB0186005CED85 /* Debug */,
				6EFCEBBB1AFB0186005CED85 /* Release */,
			);
			defaultConfigurationIsVisible = 0;
			defaultConfigurationName = Release;
		};
		6EFCEBBC1AFB0186005CED85 /* Build configuration list for PBXNativeTarget "MapDemo" */ = {
			isa = XCConfigurationList;
			buildConfigurations = (
				6EFCEBBD1AFB0186005CED85 /* Debug */,
				6EFCEBBE1AFB0186005CED85 /* Release */,
			);
			defaultConfigurationIsVisible = 0;
		};
		6EFCEBBF1AFB0186005CED85 /* Build configuration list for PBXNativeTarget "MapDemoTests" */ = {
			isa = XCConfigurationList;
			buildConfigurations = (
				6EFCEBC01AFB0186005CED85 /* Debug */,
				6EFCEBC11AFB0186005CED85 /* Release */,
			);
			defaultConfigurationIsVisible = 0;
		};
/* End XCConfigurationList section */
	};
	rootObject = 6EFCEB951AFB0186005CED85 /* Project object */;
}
